
Microsoft Visual Studio Solution File, Format Version 12.00
# Visual Studio Version 17
VisualStudioVersion = 17.14.36221.1 d17.14
MinimumVisualStudioVersion = 10.0.40219.1
Project("{FAE04EC0-301F-11D3-BF4B-00C04F79EFBC}") = "EC2_HP2", "EC2_HP2\EC2_HP2.csproj", "{B81BA0D1-DB45-4CE3-96CE-CB1F41081FAB}"
EndProject
Global
	GlobalSection(SolutionConfigurationPlatforms) = preSolution
		Debug|Any CPU = Debug|Any CPU
		Release|Any CPU = Release|Any CPU
	EndGlobalSection
	GlobalSection(ProjectConfigurationPlatforms) = postSolution
		{B81BA0D1-DB45-4CE3-96CE-CB1F41081FAB}.Debug|Any CPU.ActiveCfg = Debug|Any CPU
		{B81BA0D1-DB45-4CE3-96CE-CB1F41081FAB}.Debug|Any CPU.Build.0 = Debug|Any CPU
		{B81BA0D1-DB45-4CE3-96CE-CB1F41081FAB}.Release|Any CPU.ActiveCfg = Release|Any CPU
		{B81BA0D1-DB45-4CE3-96CE-CB1F41081FAB}.Release|Any CPU.Build.0 = Release|Any CPU
	EndGlobalSection
	GlobalSection(SolutionProperties) = preSolution
		HideSolutionNode = FALSE
	EndGlobalSection
	GlobalSection(ExtensibilityGlobals) = postSolution
		SolutionGuid = {7AF5102C-BDF7-453C-8DE7-6592968DE451}
	EndGlobalSection
EndGlobal
